// !$*UTF8*$!
{
	archiveVersion = 1;
	classes = {
	};
	objectVersion = 56;
	objects = {

/* Begin PBXBuildFile section */
		0016073D2B4F25E700C1BFDD /* UIColor+Extensions.swift in Sources */ = {isa = PBXBuildFile; fileRef = 0016073C2B4F25E700C1BFDD /* UIColor+Extensions.swift */; };
		0016073F2B4F28E100C1BFDD /* UIButton+Extensions.swift in Sources */ = {isa = PBXBuildFile; fileRef = 0016073E2B4F28E100C1BFDD /* UIButton+Extensions.swift */; };
		001607412B51AAB300C1BFDD /* UILabel+Extensions.swift in Sources */ = {isa = PBXBuildFile; fileRef = 001607402B51AAB300C1BFDD /* UILabel+Extensions.swift */; };
		004526322B4DD9720035F0C0 /* AppDelegate.swift in Sources */ = {isa = PBXBuildFile; fileRef = 004526312B4DD9720035F0C0 /* AppDelegate.swift */; };
		004526342B4DD9720035F0C0 /* SceneDelegate.swift in Sources */ = {isa = PBXBuildFile; fileRef = 004526332B4DD9720035F0C0 /* SceneDelegate.swift */; };
		004526362B4DD9720035F0C0 /* ViewController.swift in Sources */ = {isa = PBXBuildFile; fileRef = 004526352B4DD9720035F0C0 /* ViewController.swift */; };
		0045263C2B4DD9720035F0C0 /* FoodHub.xcdatamodeld in Sources */ = {isa = PBXBuildFile; fileRef = 0045263A2B4DD9720035F0C0 /* FoodHub.xcdatamodeld */; };
		0045263E2B4DD9730035F0C0 /* Assets.xcassets in Resources */ = {isa = PBXBuildFile; fileRef = 0045263D2B4DD9730035F0C0 /* Assets.xcassets */; };
		004526412B4DD9730035F0C0 /* LaunchScreen.storyboard in Resources */ = {isa = PBXBuildFile; fileRef = 0045263F2B4DD9730035F0C0 /* LaunchScreen.storyboard */; };
		54C669021B847914CCDCCA6D /* Pods_FoodHub.framework in Frameworks */ = {isa = PBXBuildFile; fileRef = 79609E936E2A2E6D342C65E9 /* Pods_FoodHub.framework */; };
/* End PBXBuildFile section */

/* Begin PBXFileReference section */
		0016073C2B4F25E700C1BFDD /* UIColor+Extensions.swift */ = {isa = PBXFileReference; lastKnownFileType = sourcecode.swift; path = "UIColor+Extensions.swift"; sourceTree = "<group>"; };
		0016073E2B4F28E100C1BFDD /* UIButton+Extensions.swift */ = {isa = PBXFileReference; lastKnownFileType = sourcecode.swift; path = "UIButton+Extensions.swift"; sourceTree = "<group>"; };
		001607402B51AAB300C1BFDD /* UILabel+Extensions.swift */ = {isa = PBXFileReference; lastKnownFileType = sourcecode.swift; path = "UILabel+Extensions.swift"; sourceTree = "<group>"; };
		0045262E2B4DD9720035F0C0 /* FoodHub.app */ = {isa = PBXFileReference; explicitFileType = wrapper.application; includeInIndex = 0; path = FoodHub.app; sourceTree = BUILT_PRODUCTS_DIR; };
		004526312B4DD9720035F0C0 /* AppDelegate.swift */ = {isa = PBXFileReference; lastKnownFileType = sourcecode.swift; path = AppDelegate.swift; sourceTree = "<group>"; };
		004526332B4DD9720035F0C0 /* SceneDelegate.swift */ = {isa = PBXFileReference; lastKnownFileType = sourcecode.swift; path = SceneDelegate.swift; sourceTree = "<group>"; };
		004526352B4DD9720035F0C0 /* ViewController.swift */ = {isa = PBXFileReference; lastKnownFileType = sourcecode.swift; path = ViewController.swift; sourceTree = "<group>"; };
		0045263B2B4DD9720035F0C0 /* FoodHub.xcdatamodel */ = {isa = PBXFileReference; lastKnownFileType = wrapper.xcdatamodel; path = FoodHub.xcdatamodel; sourceTree = "<group>"; };
		0045263D2B4DD9730035F0C0 /* Assets.xcassets */ = {isa = PBXFileReference; lastKnownFileType = folder.assetcatalog; path = Assets.xcassets; sourceTree = "<group>"; };
		004526402B4DD9730035F0C0 /* Base */ = {isa = PBXFileReference; lastKnownFileType = file.storyboard; name = Base; path = Base.lproj/LaunchScreen.storyboard; sourceTree = "<group>"; };
		004526422B4DD9730035F0C0 /* Info.plist */ = {isa = PBXFileReference; lastKnownFileType = text.plist.xml; path = Info.plist; sourceTree = "<group>"; };
		79609E936E2A2E6D342C65E9 /* Pods_FoodHub.framework */ = {isa = PBXFileReference; explicitFileType = wrapper.framework; includeInIndex = 0; path = Pods_FoodHub.framework; sourceTree = BUILT_PRODUCTS_DIR; };
		94BA133F3CE54ACE0DF8F8BC /* Pods-FoodHub.debug.xcconfig */ = {isa = PBXFileReference; includeInIndex = 1; lastKnownFileType = text.xcconfig; name = "Pods-FoodHub.debug.xcconfig"; path = "Target Support Files/Pods-FoodHub/Pods-FoodHub.debug.xcconfig"; sourceTree = "<group>"; };
		D82C7F91D696F99BAC8FE139 /* Pods-FoodHub.release.xcconfig */ = {isa = PBXFileReference; includeInIndex = 1; lastKnownFileType = text.xcconfig; name = "Pods-FoodHub.release.xcconfig"; path = "Target Support Files/Pods-FoodHub/Pods-FoodHub.release.xcconfig"; sourceTree = "<group>"; };
/* End PBXFileReference section */

/* Begin PBXFrameworksBuildPhase section */
		0045262B2B4DD9720035F0C0 /* Frameworks */ = {
			isa = PBXFrameworksBuildPhase;
			buildActionMask = 2147483647;
			files = (
				54C669021B847914CCDCCA6D /* Pods_FoodHub.framework in Frameworks */,
			);
			runOnlyForDeploymentPostprocessing = 0;
		};
/* End PBXFrameworksBuildPhase section */

/* Begin PBXGroup section */
		001607382B4ED9F600C1BFDD /* Resources */ = {
			isa = PBXGroup;
			children = (
				0045263D2B4DD9730035F0C0 /* Assets.xcassets */,
				0045263F2B4DD9730035F0C0 /* LaunchScreen.storyboard */,
				0045263A2B4DD9720035F0C0 /* FoodHub.xcdatamodeld */,
			);
			path = Resources;
			sourceTree = "<group>";
		};
		001607392B4EDA4400C1BFDD /* Etensions */ = {
			isa = PBXGroup;
			children = (
				0016073C2B4F25E700C1BFDD /* UIColor+Extensions.swift */,
				0016073E2B4F28E100C1BFDD /* UIButton+Extensions.swift */,
				001607402B51AAB300C1BFDD /* UILabel+Extensions.swift */,
			);
			name = Etensions;
			sourceTree = "<group>";
		};
		0016073A2B4EDADE00C1BFDD /* App */ = {
			isa = PBXGroup;
			children = (
				0016073B2B4EDAE900C1BFDD /* WelcomeScreen */,
			);
			name = App;
			sourceTree = "<group>";
		};
		0016073B2B4EDAE900C1BFDD /* WelcomeScreen */ = {
			isa = PBXGroup;
			children = (
				004526352B4DD9720035F0C0 /* ViewController.swift */,
			);
			name = WelcomeScreen;
			sourceTree = "<group>";
		};
		004526252B4DD9720035F0C0 = {
			isa = PBXGroup;
			children = (
				004526302B4DD9720035F0C0 /* FoodHub */,
				0045262F2B4DD9720035F0C0 /* Products */,
				021E621B2399D046EFE8CB12 /* Pods */,
				70FE92DCA73FAE859D7A752F /* Frameworks */,
			);
			sourceTree = "<group>";
		};
		0045262F2B4DD9720035F0C0 /* Products */ = {
			isa = PBXGroup;
			children = (
				0045262E2B4DD9720035F0C0 /* FoodHub.app */,
			);
			name = Products;
			sourceTree = "<group>";
		};
		004526302B4DD9720035F0C0 /* FoodHub */ = {
			isa = PBXGroup;
			children = (
				004526312B4DD9720035F0C0 /* AppDelegate.swift */,
				004526332B4DD9720035F0C0 /* SceneDelegate.swift */,
				004526422B4DD9730035F0C0 /* Info.plist */,
				0016073A2B4EDADE00C1BFDD /* App */,
				001607392B4EDA4400C1BFDD /* Etensions */,
				001607382B4ED9F600C1BFDD /* Resources */,
			);
			path = FoodHub;
			sourceTree = "<group>";
		};
		021E621B2399D046EFE8CB12 /* Pods */ = {
			isa = PBXGroup;
			children = (
				94BA133F3CE54ACE0DF8F8BC /* Pods-FoodHub.debug.xcconfig */,
				D82C7F91D696F99BAC8FE139 /* Pods-FoodHub.release.xcconfig */,
			);
			path = Pods;
			sourceTree = "<group>";
		};
		70FE92DCA73FAE859D7A752F /* Frameworks */ = {
			isa = PBXGroup;
			children = (
				79609E936E2A2E6D342C65E9 /* Pods_FoodHub.framework */,
			);
			name = Frameworks;
			sourceTree = "<group>";
		};
/* End PBXGroup section */

/* Begin PBXNativeTarget section */
		0045262D2B4DD9720035F0C0 /* FoodHub */ = {
			isa = PBXNativeTarget;
			buildConfigurationList = 004526452B4DD9730035F0C0 /* Build configuration list for PBXNativeTarget "FoodHub" */;
			buildPhases = (
				95C23D7F67B795039AFEAC68 /* [CP] Check Pods Manifest.lock */,
				0045262A2B4DD9720035F0C0 /* Sources */,
				0045262B2B4DD9720035F0C0 /* Frameworks */,
				0045262C2B4DD9720035F0C0 /* Resources */,
				53004A3533E5CD16FB4D823B /* [CP] Embed Pods Frameworks */,
			);
			buildRules = (
			);
			dependencies = (
			);
			name = FoodHub;
			productName = FoodHub;
			productReference = 0045262E2B4DD9720035F0C0 /* FoodHub.app */;
			productType = "com.apple.product-type.application";
		};
/* End PBXNativeTarget section */

/* Begin PBXProject section */
		004526262B4DD9720035F0C0 /* Project object */ = {
			isa = PBXProject;
			attributes = {
				BuildIndependentTargetsInParallel = 1;
				LastSwiftUpdateCheck = 1500;
				LastUpgradeCheck = 1500;
				TargetAttributes = {
					0045262D2B4DD9720035F0C0 = {
						CreatedOnToolsVersion = 15.0.1;
					};
				};
			};
			buildConfigurationList = 004526292B4DD9720035F0C0 /* Build configuration list for PBXProject "FoodHub" */;
			compatibilityVersion = "Xcode 14.0";
			developmentRegion = en;
			hasScannedForEncodings = 0;
			knownRegions = (
				en,
				Base,
			);
			mainGroup = 004526252B4DD9720035F0C0;
			productRefGroup = 0045262F2B4DD9720035F0C0 /* Products */;
			projectDirPath = "";
			projectRoot = "";
			targets = (
				0045262D2B4DD9720035F0C0 /* FoodHub */,
			);
		};
/* End PBXProject section */

/* Begin PBXResourcesBuildPhase section */
		0045262C2B4DD9720035F0C0 /* Resources */ = {
			isa = PBXResourcesBuildPhase;
			buildActionMask = 2147483647;
			files = (
				004526412B4DD9730035F0C0 /* LaunchScreen.storyboard in Resources */,
				0045263E2B4DD9730035F0C0 /* Assets.xcassets in Resources */,
			);
			runOnlyForDeploymentPostprocessing = 0;
		};
/* End PBXResourcesBuildPhase section */

/* Begin PBXShellScriptBuildPhase section */
		53004A3533E5CD16FB4D823B /* [CP] Embed Pods Frameworks */ = {
			isa = PBXShellScriptBuildPhase;
			buildActionMask = 2147483647;
			files = (
			);
			inputFileListPaths = (
				"${PODS_ROOT}/Target Support Files/Pods-FoodHub/Pods-FoodHub-frameworks-${CONFIGURATION}-input-files.xcfilelist",
			);
			name = "[CP] Embed Pods Frameworks";
			outputFileListPaths = (
				"${PODS_ROOT}/Target Support Files/Pods-FoodHub/Pods-FoodHub-frameworks-${CONFIGURATION}-output-files.xcfilelist",
			);
			runOnlyForDeploymentPostprocessing = 0;
			shellPath = /bin/sh;
			shellScript = "\"${PODS_ROOT}/Target Support Files/Pods-FoodHub/Pods-FoodHub-frameworks.sh\"\n";
			showEnvVarsInLog = 0;
		};
		95C23D7F67B795039AFEAC68 /* [CP] Check Pods Manifest.lock */ = {
			isa = PBXShellScriptBuildPhase;
			buildActionMask = 2147483647;
			files = (
			);
			inputFileListPaths = (
			);
			inputPaths = (
				"${PODS_PODFILE_DIR_PATH}/Podfile.lock",
				"${PODS_ROOT}/Manifest.lock",
			);
			name = "[CP] Check Pods Manifest.lock";
			outputFileListPaths = (
			);
			outputPaths = (
				"$(DERIVED_FILE_DIR)/Pods-FoodHub-checkManifestLockResult.txt",
			);
			runOnlyForDeploymentPostprocessing = 0;
			shellPath = /bin/sh;
			shellScript = "diff \"${PODS_PODFILE_DIR_PATH}/Podfile.lock\" \"${PODS_ROOT}/Manifest.lock\" > /dev/null\nif [ $? != 0 ] ; then\n    # print error to STDERR\n    echo \"error: The sandbox is not in sync with the Podfile.lock. Run 'pod install' or update your CocoaPods installation.\" >&2\n    exit 1\nfi\n# This output is used by Xcode 'outputs' to avoid re-running this script phase.\necho \"SUCCESS\" > \"${SCRIPT_OUTPUT_FILE_0}\"\n";
			showEnvVarsInLog = 0;
		};
/* End PBXShellScriptBuildPhase section */

/* Begin PBXSourcesBuildPhase section */
		0045262A2B4DD9720035F0C0 /* Sources */ = {
			isa = PBXSourcesBuildPhase;
			buildActionMask = 2147483647;
			files = (
				004526362B4DD9720035F0C0 /* ViewController.swift in Sources */,
				0016073D2B4F25E700C1BFDD /* UIColor+Extensions.swift in Sources */,
				004526322B4DD9720035F0C0 /* AppDelegate.swift in Sources */,
				004526342B4DD9720035F0C0 /* SceneDelegate.swift in Sources */,
				0045263C2B4DD9720035F0C0 /* FoodHub.xcdatamodeld in Sources */,
				0016073F2B4F28E100C1BFDD /* UIButton+Extensions.swift in Sources */,
				001607412B51AAB300C1BFDD /* UILabel+Extensions.swift in Sources */,
			);
			runOnlyForDeploymentPostprocessing = 0;
		};
/* End PBXSourcesBuildPhase section */

/* Begin PBXVariantGroup section */
		0045263F2B4DD9730035F0C0 /* LaunchScreen.storyboard */ = {
			isa = PBXVariantGroup;
			children = (
				004526402B4DD9730035F0C0 /* Base */,
			);
			name = LaunchScreen.storyboard;
			sourceTree = "<group>";
		};
/* End PBXVariantGroup section */

/* Begin XCBuildConfiguration section */
		004526432B4DD9730035F0C0 /* Debug */ = {
			isa = XCBuildConfiguration;
			buildSettings = {
				ALWAYS_SEARCH_USER_PATHS = NO;
				ASSETCATALOG_COMPILER_GENERATE_SWIFT_ASSET_SYMBOL_EXTENSIONS = YES;
				CLANG_ANALYZER_NONNULL = YES;
				CLANG_ANALYZER_NUMBER_OBJECT_CONVERSION = YES_AGGRESSIVE;
				CLANG_CXX_LANGUAGE_STANDARD = "gnu++20";
				CLANG_ENABLE_MODULES = YES;
				CLANG_ENABLE_OBJC_ARC = YES;
				CLANG_ENABLE_OBJC_WEAK = YES;
				CLANG_WARN_BLOCK_CAPTURE_AUTORELEASING = YES;
				CLANG_WARN_BOOL_CONVERSION = YES;
				CLANG_WARN_COMMA = YES;
				CLANG_WARN_CONSTANT_CONVERSION = YES;
				CLANG_WARN_DEPRECATED_OBJC_IMPLEMENTATIONS = YES;
				CLANG_WARN_DIRECT_OBJC_ISA_USAGE = YES_ERROR;
				CLANG_WARN_DOCUMENTATION_COMMENTS = YES;
				CLANG_WARN_EMPTY_BODY = YES;
				CLANG_WARN_ENUM_CONVERSION = YES;
				CLANG_WARN_INFINITE_RECURSION = YES;
				CLANG_WARN_INT_CONVERSION = YES;
				CLANG_WARN_NON_LITERAL_NULL_CONVERSION = YES;
				CLANG_WARN_OBJC_IMPLICIT_RETAIN_SELF = YES;
				CLANG_WARN_OBJC_LITERAL_CONVERSION = YES;
				CLANG_WARN_OBJC_ROOT_CLASS = YES_ERROR;
				CLANG_WARN_QUOTED_INCLUDE_IN_FRAMEWORK_HEADER = YES;
				CLANG_WARN_RANGE_LOOP_ANALYSIS = YES;
				CLANG_WARN_STRICT_PROTOTYPES = YES;
				CLANG_WARN_SUSPICIOUS_MOVE = YES;
				CLANG_WARN_UNGUARDED_AVAILABILITY = YES_AGGRESSIVE;
				CLANG_WARN_UNREACHABLE_CODE = YES;
				CLANG_WARN__DUPLICATE_METHOD_MATCH = YES;
				COPY_PHASE_STRIP = NO;
				DEBUG_INFORMATION_FORMAT = dwarf;
				ENABLE_STRICT_OBJC_MSGSEND = YES;
				ENABLE_TESTABILITY = YES;
				ENABLE_USER_SCRIPT_SANDBOXING = NO;
				GCC_C_LANGUAGE_STANDARD = gnu17;
				GCC_DYNAMIC_NO_PIC = NO;
				GCC_NO_COMMON_BLOCKS = YES;
				GCC_OPTIMIZATION_LEVEL = 0;
				GCC_PREPROCESSOR_DEFINITIONS = (
					"DEBUG=1",
					"$(inherited)",
				);
				GCC_WARN_64_TO_32_BIT_CONVERSION = YES;
				GCC_WARN_ABOUT_RETURN_TYPE = YES_ERROR;
				GCC_WARN_UNDECLARED_SELECTOR = YES;
				GCC_WARN_UNINITIALIZED_AUTOS = YES_AGGRESSIVE;
				GCC_WARN_UNUSED_FUNCTION = YES;
				GCC_WARN_UNUSED_VARIABLE = YES;
				IPHONEOS_DEPLOYMENT_TARGET = 17.0;
				LOCALIZATION_PREFERS_STRING_CATALOGS = YES;
				MTL_ENABLE_DEBUG_INFO = INCLUDE_SOURCE;
				MTL_FAST_MATH = YES;
				ONLY_ACTIVE_ARCH = YES;
				SDKROOT = iphoneos;
				SWIFT_ACTIVE_COMPILATION_CONDITIONS = "DEBUG $(inherited)";
				SWIFT_OPTIMIZATION_LEVEL = "-Onone";
			};
			name = Debug;
		};
		004526442B4DD9730035F0C0 /* Release */ = {
			isa = XCBuildConfiguration;
			buildSettings = {
				ALWAYS_SEARCH_USER_PATHS = NO;
				ASSETCATALOG_COMPILER_GENERATE_SWIFT_ASSET_SYMBOL_EXTENSIONS = YES;
				CLANG_ANALYZER_NONNULL = YES;
				CLANG_ANALYZER_NUMBER_OBJECT_CONVERSION = YES_AGGRESSIVE;
				CLANG_CXX_LANGUAGE_STANDARD = "gnu++20";
				CLANG_ENABLE_MODULES = YES;
				CLANG_ENABLE_OBJC_ARC = YES;
				CLANG_ENABLE_OBJC_WEAK = YES;
				CLANG_WARN_BLOCK_CAPTURE_AUTORELEASING = YES;
				CLANG_WARN_BOOL_CONVERSION = YES;
				CLANG_WARN_COMMA = YES;
				CLANG_WARN_CONSTANT_CONVERSION = YES;
				CLANG_WARN_DEPRECATED_OBJC_IMPLEMENTATIONS = YES;
				CLANG_WARN_DIRECT_OBJC_ISA_USAGE = YES_ERROR;
				CLANG_WARN_DOCUMENTATION_COMMENTS = YES;
				CLANG_WARN_EMPTY_BODY = YES;
				CLANG_WARN_ENUM_CONVERSION = YES;
				CLANG_WARN_INFINITE_RECURSION = YES;
				CLANG_WARN_INT_CONVERSION = YES;
				CLANG_WARN_NON_LITERAL_NULL_CONVERSION = YES;
				CLANG_WARN_OBJC_IMPLICIT_RETAIN_SELF = YES;
				CLANG_WARN_OBJC_LITERAL_CONVERSION = YES;
				CLANG_WARN_OBJC_ROOT_CLASS = YES_ERROR;
				CLANG_WARN_QUOTED_INCLUDE_IN_FRAMEWORK_HEADER = YES;
				CLANG_WARN_RANGE_LOOP_ANALYSIS = YES;
				CLANG_WARN_STRICT_PROTOTYPES = YES;
				CLANG_WARN_SUSPICIOUS_MOVE = YES;
				CLANG_WARN_UNGUARDED_AVAILABILITY = YES_AGGRESSIVE;
				CLANG_WARN_UNREACHABLE_CODE = YES;
				CLANG_WARN__DUPLICATE_METHOD_MATCH = YES;
				COPY_PHASE_STRIP = NO;
				DEBUG_INFORMATION_FORMAT = "dwarf-with-dsym";
				ENABLE_NS_ASSERTIONS = NO;
				ENABLE_STRICT_OBJC_MSGSEND = YES;
				ENABLE_USER_SCRIPT_SANDBOXING = NO;
				GCC_C_LANGUAGE_STANDARD = gnu17;
				GCC_NO_COMMON_BLOCKS = YES;
				GCC_WARN_64_TO_32_BIT_CONVERSION = YES;
				GCC_WARN_ABOUT_RETURN_TYPE = YES_ERROR;
				GCC_WARN_UNDECLARED_SELECTOR = YES;
				GCC_WARN_UNINITIALIZED_AUTOS = YES_AGGRESSIVE;
				GCC_WARN_UNUSED_FUNCTION = YES;
				GCC_WARN_UNUSED_VARIABLE = YES;
				IPHONEOS_DEPLOYMENT_TARGET = 17.0;
				LOCALIZATION_PREFERS_STRING_CATALOGS = YES;
				MTL_ENABLE_DEBUG_INFO = NO;
				MTL_FAST_MATH = YES;
				SDKROOT = iphoneos;
				SWIFT_COMPILATION_MODE = wholemodule;
				VALIDATE_PRODUCT = YES;
			};
			name = Release;
		};
		004526462B4DD9730035F0C0 /* Debug */ = {
			isa = XCBuildConfiguration;
			baseConfigurationReference = 94BA133F3CE54ACE0DF8F8BC /* Pods-FoodHub.debug.xcconfig */;
			buildSettings = {
				ASSETCATALOG_COMPILER_APPICON_NAME = AppIcon;
				ASSETCATALOG_COMPILER_GLOBAL_ACCENT_COLOR_NAME = AccentColor;
				CODE_SIGN_STYLE = Automatic;
				CURRENT_PROJECT_VERSION = 1;
				GENERATE_INFOPLIST_FILE = YES;
				INFOPLIST_FILE = FoodHub/Info.plist;
				INFOPLIST_KEY_UIApplicationSupportsIndirectInputEvents = YES;
				INFOPLIST_KEY_UILaunchStoryboardName = LaunchScreen;
				INFOPLIST_KEY_UISupportedInterfaceOrientations = UIInterfaceOrientationPortrait;
				INFOPLIST_KEY_UISupportedInterfaceOrientations_iPad = "UIInterfaceOrientationLandscapeLeft UIInterfaceOrientationLandscapeRight UIInterfaceOrientationPortrait UIInterfaceOrientationPortraitUpsideDown";
				IPHONEOS_DEPLOYMENT_TARGET = 14.0;
				LD_RUNPATH_SEARCH_PATHS = (
					"$(inherited)",
					"@executable_path/Frameworks",
				);
				MARKETING_VERSION = 1.0;
				PRODUCT_BUNDLE_IDENTIFIER = com.moataz.FoodHub;
				PRODUCT_NAME = "$(TARGET_NAME)";
				SUPPORTED_PLATFORMS = "iphoneos iphonesimulator";
				SUPPORTS_MACCATALYST = NO;
				SUPPORTS_MAC_DESIGNED_FOR_IPHONE_IPAD = NO;
				SWIFT_EMIT_LOC_STRINGS = YES;
				SWIFT_VERSION = 5.0;
				TARGETED_DEVICE_FAMILY = 1;
			};
			name = Debug;
		};
		004526472B4DD9730035F0C0 /* Release */ = {
			isa = XCBuildConfiguration;
			baseConfigurationReference = D82C7F91D696F99BAC8FE139 /* Pods-FoodHub.release.xcconfig */;
			buildSettings = {
				ASSETCATALOG_COMPILER_APPICON_NAME = AppIcon;
				ASSETCATALOG_COMPILER_GLOBAL_ACCENT_COLOR_NAME = AccentColor;
				CODE_SIGN_STYLE = Automatic;
				CURRENT_PROJECT_VERSION = 1;
				GENERATE_INFOPLIST_FILE = YES;
				INFOPLIST_FILE = FoodHub/Info.plist;
				INFOPLIST_KEY_UIApplicationSupportsIndirectInputEvents = YES;
				INFOPLIST_KEY_UILaunchStoryboardName = LaunchScreen;
				INFOPLIST_KEY_UISupportedInterfaceOrientations = UIInterfaceOrientationPortrait;
				INFOPLIST_KEY_UISupportedInterfaceOrientations_iPad = "UIInterfaceOrientationLandscapeLeft UIInterfaceOrientationLandscapeRight UIInterfaceOrientationPortrait UIInterfaceOrientationPortraitUpsideDown";
				IPHONEOS_DEPLOYMENT_TARGET = 14.0;
				LD_RUNPATH_SEARCH_PATHS = (
					"$(inherited)",
					"@executable_path/Frameworks",
				);
				MARKETING_VERSION = 1.0;
				PRODUCT_BUNDLE_IDENTIFIER = com.moataz.FoodHub;
				PRODUCT_NAME = "$(TARGET_NAME)";
				SUPPORTED_PLATFORMS = "iphoneos iphonesimulator";
				SUPPORTS_MACCATALYST = NO;
				SUPPORTS_MAC_DESIGNED_FOR_IPHONE_IPAD = NO;
				SWIFT_EMIT_LOC_STRINGS = YES;
				SWIFT_VERSION = 5.0;
				TARGETED_DEVICE_FAMILY = 1;
			};
			name = Release;
		};
/* End XCBuildConfiguration section */

/* Begin XCConfigurationList section */
		004526292B4DD9720035F0C0 /* Build configuration list for PBXProject "FoodHub" */ = {
			isa = XCConfigurationList;
			buildConfigurations = (
				004526432B4DD9730035F0C0 /* Debug */,
				004526442B4DD9730035F0C0 /* Release */,
			);
			defaultConfigurationIsVisible = 0;
			defaultConfigurationName = Release;
		};
		004526452B4DD9730035F0C0 /* Build configuration list for PBXNativeTarget "FoodHub" */ = {
			isa = XCConfigurationList;
			buildConfigurations = (
				004526462B4DD9730035F0C0 /* Debug */,
				004526472B4DD9730035F0C0 /* Release */,
			);
			defaultConfigurationIsVisible = 0;
			defaultConfigurationName = Release;
		};
/* End XCConfigurationList section */

/* Begin XCVersionGroup section */
		0045263A2B4DD9720035F0C0 /* FoodHub.xcdatamodeld */ = {
			isa = XCVersionGroup;
			children = (
				0045263B2B4DD9720035F0C0 /* FoodHub.xcdatamodel */,
			);
			currentVersion = 0045263B2B4DD9720035F0C0 /* FoodHub.xcdatamodel */;
			path = FoodHub.xcdatamodeld;
			sourceTree = "<group>";
			versionGroupType = wrapper.xcdatamodel;
		};
/* End XCVersionGroup section */
	};
	rootObject = 004526262B4DD9720035F0C0 /* Project object */;
}
